<?xml version="1.0" encoding="utf-8"?>
<Project ToolsVersion="Current" xmlns="http://schemas.microsoft.com/developer/msbuild/2003">
  <ItemGroup>
    <Filter Include="Math">
      <UniqueIdentifier>{0af1399f-ae58-467c-9493-37a2e8cb5d13}</UniqueIdentifier>
    </Filter>
    <Filter Include="Math\Device">
      <UniqueIdentifier>{bb5bad51-f61e-4672-869e-f279c629f8f7}</UniqueIdentifier>
    </Filter>
    <Filter Include="Math\Device\SingleThread">
      <UniqueIdentifier>{14059346-a424-462e-9875-a46bbb5e6da7}</UniqueIdentifier>
    </Filter>
    <Filter Include="Math\Device\Kernel">
      <UniqueIdentifier>{6d23c7a5-4976-4b26-8a0f-fa2e3717008c}</UniqueIdentifier>
    </Filter>
    <Filter Include="DeviceHelper">
      <UniqueIdentifier>{9c289ed8-3e5d-4a37-a590-cbc6c2a02c31}</UniqueIdentifier>
    </Filter>
  </ItemGroup>
  <ItemGroup>
    <ClInclude Include="thomson_sweep.cuh">
      <Filter>Math\Device\SingleThread</Filter>
    </ClInclude>
    <ClInclude Include="thomson_sweep_kernel.cuh">
      <Filter>Math\Device\Kernel</Filter>
    </ClInclude>
    <ClInclude Include="Device.cuh">
      <Filter>DeviceHelper</Filter>
    </ClInclude>
    <ClInclude Include="DeviceError.h">
      <Filter>DeviceHelper</Filter>
    </ClInclude>
  </ItemGroup>
  <ItemGroup>
    <CudaCompile Include="Device.cu">
      <Filter>DeviceHelper</Filter>
    </CudaCompile>
    <CudaCompile Include="DeviceError.cpp">
      <Filter>DeviceHelper</Filter>
    </CudaCompile>
  </ItemGroup>
</Project>