<?xml version="1.0" encoding="utf-8"?>
<Project ToolsVersion="Current" xmlns="http://schemas.microsoft.com/developer/msbuild/2003">
  <ItemGroup>
    <Filter Include="Math">
      <UniqueIdentifier>{0af1399f-ae58-467c-9493-37a2e8cb5d13}</UniqueIdentifier>
    </Filter>
    <Filter Include="Math\Device">
      <UniqueIdentifier>{bb5bad51-f61e-4672-869e-f279c629f8f7}</UniqueIdentifier>
    </Filter>
    <Filter Include="Math\Device\SingleThread">
      <UniqueIdentifier>{14059346-a424-462e-9875-a46bbb5e6da7}</UniqueIdentifier>
    </Filter>
    <Filter Include="Math\Device\Kernel">
      <UniqueIdentifier>{6d23c7a5-4976-4b26-8a0f-fa2e3717008c}</UniqueIdentifier>
    </Filter>
    <Filter Include="DeviceHelper">
      <UniqueIdentifier>{9c289ed8-3e5d-4a37-a590-cbc6c2a02c31}</UniqueIdentifier>
    </Filter>
    <Filter Include="Diffusion">
      <UniqueIdentifier>{1961bb55-297e-483b-94b3-60593de5ebc9}</UniqueIdentifier>
    </Filter>
    <Filter Include="Diffusion\Device">
      <UniqueIdentifier>{d0ce2ba6-e8a8-4e44-b93f-81a0b99045d8}</UniqueIdentifier>
    </Filter>
    <Filter Include="Diffusion\Device\SingleThread">
      <UniqueIdentifier>{568c8044-5f59-407b-8c7d-276bb31c3f36}</UniqueIdentifier>
    </Filter>
    <Filter Include="Diffusion\Device\Kernel">
      <UniqueIdentifier>{24f0a508-c68c-4b77-aa60-a04566854cc8}</UniqueIdentifier>
    </Filter>
    <Filter Include="Table">
      <UniqueIdentifier>{cf5c7366-7aa0-437e-a76c-3cc932a1850d}</UniqueIdentifier>
    </Filter>
    <Filter Include="WHFI">
      <UniqueIdentifier>{af2e6c95-f230-41bb-b0e1-639941c56c76}</UniqueIdentifier>
    </Filter>
    <Filter Include="WHFI\ZFunc">
      <UniqueIdentifier>{00f4d2be-dd74-4cde-9eb8-b5224f332b5f}</UniqueIdentifier>
    </Filter>
    <Filter Include="WHFI\DispersionRelation">
      <UniqueIdentifier>{75e1399f-e8ee-41cc-9937-e5c40076118a}</UniqueIdentifier>
    </Filter>
    <Filter Include="Math\Host">
      <UniqueIdentifier>{7a42ba88-0dc2-4573-afe0-a247ff6e386b}</UniqueIdentifier>
    </Filter>
    <Filter Include="WHFI\VDF">
      <UniqueIdentifier>{63c6f4c5-cdce-41ca-a3c4-483eeaa65884}</UniqueIdentifier>
    </Filter>
    <Filter Include="WHFI\VDF\Device">
      <UniqueIdentifier>{2a2aeab8-25aa-4c28-ab06-4c1dc6158f1a}</UniqueIdentifier>
    </Filter>
    <Filter Include="WHFI\GrowthRate">
      <UniqueIdentifier>{2384eda2-2726-42a1-8560-00a84e5130b3}</UniqueIdentifier>
    </Filter>
    <Filter Include="WHFI\GrowthRate\Device">
      <UniqueIdentifier>{7a5edbff-5219-482e-8239-2aa14cfb4380}</UniqueIdentifier>
    </Filter>
    <Filter Include="Test">
      <UniqueIdentifier>{776ebc7f-2c51-4833-9b38-e91acb5aae95}</UniqueIdentifier>
    </Filter>
  </ItemGroup>
  <ItemGroup>
    <ClInclude Include="thomson_sweep_kernel.cuh">
      <Filter>Math\Device\Kernel</Filter>
    </ClInclude>
    <ClInclude Include="DeviceError.h">
      <Filter>DeviceHelper</Filter>
    </ClInclude>
    <ClInclude Include="Device.h">
      <Filter>DeviceHelper</Filter>
    </ClInclude>
    <ClInclude Include="DeviceMemory.h">
      <Filter>DeviceHelper</Filter>
    </ClInclude>
    <ClInclude Include="transpose.cuh">
      <Filter>Math\Device\Kernel</Filter>
    </ClInclude>
    <ClInclude Include="DataTableDeviceHelper.h">
      <Filter>DeviceHelper</Filter>
    </ClInclude>
    <ClInclude Include="diagonal_discretization.cuh">
      <Filter>Diffusion\Device\SingleThread</Filter>
    </ClInclude>
    <ClInclude Include="forward_step_matrix_calculation_kernel.cuh">
      <Filter>Diffusion\Device\Kernel</Filter>
    </ClInclude>
    <ClInclude Include="HostTable.h">
      <Filter>Table</Filter>
    </ClInclude>
    <ClInclude Include="HostGrid.h">
      <Filter>Table</Filter>
    </ClInclude>
    <ClInclude Include="DeviceTable.cuh">
      <Filter>Table</Filter>
    </ClInclude>
    <ClInclude Include="HostGridIO.h">
      <Filter>Table</Filter>
    </ClInclude>
    <ClInclude Include="HostManagedDeviceTable.cuh">
      <Filter>Table</Filter>
    </ClInclude>
    <ClInclude Include="HostDeviceTransfer.cuh">
      <Filter>Table</Filter>
    </ClInclude>
    <ClInclude Include="HostManagedDeviceTableTranspose.cuh">
      <Filter>Table</Filter>
    </ClInclude>
    <ClInclude Include="HostTableTranspose.h">
      <Filter>Table</Filter>
    </ClInclude>
    <ClInclude Include="TwoDimensionalMultithreadDiffusion.cuh">
      <Filter>Diffusion</Filter>
    </ClInclude>
    <ClInclude Include="correction_step_matrix_calculation_kernel.cuh">
      <Filter>Diffusion\Device\Kernel</Filter>
    </ClInclude>
    <ClInclude Include="mixed_term_discretization.cuh">
      <Filter>Diffusion\Device\SingleThread</Filter>
    </ClInclude>
    <ClInclude Include="compensation_matrix_calculation_kernel.cuh">
      <Filter>Diffusion\Device\Kernel</Filter>
    </ClInclude>
    <ClInclude Include="ZFunc.h">
      <Filter>WHFI\ZFunc</Filter>
    </ClInclude>
    <ClInclude Include="PhysicalParameters.h">
      <Filter>WHFI</Filter>
    </ClInclude>
    <ClInclude Include="ResonantVelocitySolver.h">
      <Filter>WHFI\DispersionRelation</Filter>
    </ClInclude>
    <ClInclude Include="step_solve.h">
      <Filter>Math\Host</Filter>
    </ClInclude>
    <ClInclude Include="DeviceDataLine.cuh">
      <Filter>Table</Filter>
    </ClInclude>
    <ClInclude Include="HostManagedDeviceDataLine.cuh">
      <Filter>Table</Filter>
    </ClInclude>
    <ClInclude Include="HostDataLine.h">
      <Filter>Table</Filter>
    </ClInclude>
    <ClInclude Include="DispersionRelationDerivative.h">
      <Filter>WHFI\DispersionRelation</Filter>
    </ClInclude>
    <ClInclude Include="host_math_helper.h">
      <Filter>Math\Host</Filter>
    </ClInclude>
    <ClInclude Include="VelocityDistributionFunction.h">
      <Filter>WHFI\VDF</Filter>
    </ClInclude>
    <ClInclude Include="zero_moment_kernel.cuh">
      <Filter>WHFI\VDF\Device</Filter>
    </ClInclude>
    <ClInclude Include="AnalyticalMoments.h">
      <Filter>WHFI</Filter>
    </ClInclude>
    <ClInclude Include="first_moment_kernel.cuh">
      <Filter>WHFI\VDF\Device</Filter>
    </ClInclude>
    <ClInclude Include="growth_rate_kernel.cuh">
      <Filter>WHFI\GrowthRate\Device</Filter>
    </ClInclude>
    <ClInclude Include="diffusion_coefficients_calculation.cuh">
      <Filter>WHFI</Filter>
    </ClInclude>
    <ClInclude Include="GrowthRateCalculation.cuh">
      <Filter>WHFI</Filter>
    </ClInclude>
  </ItemGroup>
  <ItemGroup>
    <CudaCompile Include="DeviceError.cpp">
      <Filter>DeviceHelper</Filter>
    </CudaCompile>
    <CudaCompile Include="Device.cpp">
      <Filter>DeviceHelper</Filter>
    </CudaCompile>
    <CudaCompile Include="ResonantVelocityCalculationTest.cu">
      <Filter>Test</Filter>
    </CudaCompile>
    <CudaCompile Include="MomentsTest.cu">
      <Filter>Test</Filter>
    </CudaCompile>
    <CudaCompile Include="DiffusionCoefficientTest.cu">
      <Filter>Test</Filter>
    </CudaCompile>
    <CudaCompile Include="MainTest.cu" />
    <CudaCompile Include="VDFDiffusionTest.cu">
      <Filter>Test</Filter>
    </CudaCompile>
    <CudaCompile Include="DiffusionTest.cu">
      <Filter>Test</Filter>
    </CudaCompile>
  </ItemGroup>
  <ItemGroup>
    <ClCompile Include="DeviceMemory.cpp">
      <Filter>DeviceHelper</Filter>
    </ClCompile>
  </ItemGroup>
</Project>